
Microsoft Visual Studio Solution File, Format Version 12.00
# Visual Studio 14
VisualStudioVersion = 14.0.25123.0
MinimumVisualStudioVersion = 10.0.40219.1
Project("{FAE04EC0-301F-11D3-BF4B-00C04F79EFBC}") = "WeatherApp", "WeatherApp\WeatherApp.csproj", "{54B5BEE7-7ED0-4F04-BBC3-232CED38491C}"
EndProject
Project("{FAE04EC0-301F-11D3-BF4B-00C04F79EFBC}") = "WeatherApp.Models", "WeatherApp.Models\WeatherApp.Models.csproj", "{D063C285-6A8B-4728-8A93-D709C858D9CE}"
EndProject
Global
	GlobalSection(SolutionConfigurationPlatforms) = preSolution
		Debug|Any CPU = Debug|Any CPU
		Release|Any CPU = Release|Any CPU
	EndGlobalSection
	GlobalSection(ProjectConfigurationPlatforms) = postSolution
		{54B5BEE7-7ED0-4F04-BBC3-232CED38491C}.Debug|Any CPU.ActiveCfg = Debug|Any CPU
		{54B5BEE7-7ED0-4F04-BBC3-232CED38491C}.Debug|Any CPU.Build.0 = Debug|Any CPU
		{54B5BEE7-7ED0-4F04-BBC3-232CED38491C}.Release|Any CPU.ActiveCfg = Release|Any CPU
		{54B5BEE7-7ED0-4F04-BBC3-232CED38491C}.Release|Any CPU.Build.0 = Release|Any CPU
		{D063C285-6A8B-4728-8A93-D709C858D9CE}.Debug|Any CPU.ActiveCfg = Debug|Any CPU
		{D063C285-6A8B-4728-8A93-D709C858D9CE}.Debug|Any CPU.Build.0 = Debug|Any CPU
		{D063C285-6A8B-4728-8A93-D709C858D9CE}.Release|Any CPU.ActiveCfg = Release|Any CPU
		{D063C285-6A8B-4728-8A93-D709C858D9CE}.Release|Any CPU.Build.0 = Release|Any CPU
	EndGlobalSection
	GlobalSection(SolutionProperties) = preSolution
		HideSolutionNode = FALSE
	EndGlobalSection
EndGlobal
